
Microsoft Visual Studio Solution File, Format Version 12.00
# Visual Studio Version 16
VisualStudioVersion = 16.0.29709.97
MinimumVisualStudioVersion = 10.0.40219.1
Project("{FAE04EC0-301F-11D3-BF4B-00C04F79EFBC}") = "FtpHlp", "FtpHlp\FtpHlp.csproj", "{713126A6-D519-4AE0-8C5E-0EA26494BB12}"
EndProject
Global
	GlobalSection(SolutionConfigurationPlatforms) = preSolution
		Debug|Any CPU = Debug|Any CPU
		Release|Any CPU = Release|Any CPU
	EndGlobalSection
	GlobalSection(ProjectConfigurationPlatforms) = postSolution
		{713126A6-D519-4AE0-8C5E-0EA26494BB12}.Debug|Any CPU.ActiveCfg = Debug|Any CPU
		{713126A6-D519-4AE0-8C5E-0EA26494BB12}.Debug|Any CPU.Build.0 = Debug|Any CPU
		{713126A6-D519-4AE0-8C5E-0EA26494BB12}.Release|Any CPU.ActiveCfg = Release|Any CPU
		{713126A6-D519-4AE0-8C5E-0EA26494BB12}.Release|Any CPU.Build.0 = Release|Any CPU
	EndGlobalSection
	GlobalSection(SolutionProperties) = preSolution
		HideSolutionNode = FALSE
	EndGlobalSection
	GlobalSection(ExtensibilityGlobals) = postSolution
		SolutionGuid = {ED12CF69-29F0-44E6-93AC-E6522B0801DA}
	EndGlobalSection
EndGlobal
